
Microsoft Visual Studio Solution File, Format Version 12.00
# Visual Studio Version 17
VisualStudioVersion = 17.6.33815.320
MinimumVisualStudioVersion = 10.0.40219.1
Project("{9A19103F-16F7-4668-BE54-9A1E7A4F7556}") = "ConversorDolar", "ConversorDolar\ConversorDolar.csproj", "{06E22EE3-33AA-4DE4-B4C2-08519FB08C4C}"
EndProject
Project("{9A19103F-16F7-4668-BE54-9A1E7A4F7556}") = "CalculoJuros", "CalculoJuros\CalculoJuros.csproj", "{BD89E809-BB3B-46BE-9DEE-FD2AF5579F8A}"
EndProject
Project("{9A19103F-16F7-4668-BE54-9A1E7A4F7556}") = "CalculoMediaABC", "CalculoMediaABC\CalculoMediaABC.csproj", "{55225100-7AAC-4CE8-9811-58354BB38606}"
EndProject
Project("{9A19103F-16F7-4668-BE54-9A1E7A4F7556}") = "Contador", "contador\Contador.csproj", "{C65FE007-A09C-4F0A-B094-9D248CEC96DF}"
EndProject
Project("{9A19103F-16F7-4668-BE54-9A1E7A4F7556}") = "ValorEntreNumeros", "ValorEntreNumeros\ValorEntreNumeros.csproj", "{0E37AA08-3C37-4BD4-B57F-B7268E3BE2D7}"
EndProject
Global
	GlobalSection(SolutionConfigurationPlatforms) = preSolution
		Debug|Any CPU = Debug|Any CPU
		Release|Any CPU = Release|Any CPU
	EndGlobalSection
	GlobalSection(ProjectConfigurationPlatforms) = postSolution
		{06E22EE3-33AA-4DE4-B4C2-08519FB08C4C}.Debug|Any CPU.ActiveCfg = Debug|Any CPU
		{06E22EE3-33AA-4DE4-B4C2-08519FB08C4C}.Debug|Any CPU.Build.0 = Debug|Any CPU
		{06E22EE3-33AA-4DE4-B4C2-08519FB08C4C}.Release|Any CPU.ActiveCfg = Release|Any CPU
		{06E22EE3-33AA-4DE4-B4C2-08519FB08C4C}.Release|Any CPU.Build.0 = Release|Any CPU
		{BD89E809-BB3B-46BE-9DEE-FD2AF5579F8A}.Debug|Any CPU.ActiveCfg = Debug|Any CPU
		{BD89E809-BB3B-46BE-9DEE-FD2AF5579F8A}.Debug|Any CPU.Build.0 = Debug|Any CPU
		{BD89E809-BB3B-46BE-9DEE-FD2AF5579F8A}.Release|Any CPU.ActiveCfg = Release|Any CPU
		{BD89E809-BB3B-46BE-9DEE-FD2AF5579F8A}.Release|Any CPU.Build.0 = Release|Any CPU
		{55225100-7AAC-4CE8-9811-58354BB38606}.Debug|Any CPU.ActiveCfg = Debug|Any CPU
		{55225100-7AAC-4CE8-9811-58354BB38606}.Debug|Any CPU.Build.0 = Debug|Any CPU
		{55225100-7AAC-4CE8-9811-58354BB38606}.Release|Any CPU.ActiveCfg = Release|Any CPU
		{55225100-7AAC-4CE8-9811-58354BB38606}.Release|Any CPU.Build.0 = Release|Any CPU
		{C65FE007-A09C-4F0A-B094-9D248CEC96DF}.Debug|Any CPU.ActiveCfg = Debug|Any CPU
		{C65FE007-A09C-4F0A-B094-9D248CEC96DF}.Debug|Any CPU.Build.0 = Debug|Any CPU
		{C65FE007-A09C-4F0A-B094-9D248CEC96DF}.Release|Any CPU.ActiveCfg = Release|Any CPU
		{C65FE007-A09C-4F0A-B094-9D248CEC96DF}.Release|Any CPU.Build.0 = Release|Any CPU
		{0E37AA08-3C37-4BD4-B57F-B7268E3BE2D7}.Debug|Any CPU.ActiveCfg = Debug|Any CPU
		{0E37AA08-3C37-4BD4-B57F-B7268E3BE2D7}.Debug|Any CPU.Build.0 = Debug|Any CPU
		{0E37AA08-3C37-4BD4-B57F-B7268E3BE2D7}.Release|Any CPU.ActiveCfg = Release|Any CPU
		{0E37AA08-3C37-4BD4-B57F-B7268E3BE2D7}.Release|Any CPU.Build.0 = Release|Any CPU
	EndGlobalSection
	GlobalSection(SolutionProperties) = preSolution
		HideSolutionNode = FALSE
	EndGlobalSection
	GlobalSection(ExtensibilityGlobals) = postSolution
		SolutionGuid = {A4A3DBA9-8E5C-42FB-9149-8BCE43256C82}
	EndGlobalSection
EndGlobal
